
Microsoft Visual Studio Solution File, Format Version 12.00
# Visual Studio 2012
Project("{8BC9CEB8-8B4A-11D0-8D11-00A0C91BC942}") = "Basisprojekt_WxWidgets", "Basisprojekt_WxWidgets\Basisprojekt_WxWidgets.vcxproj", "{667AFB6A-CCFF-48A1-B1AD-E8A11AA4F604}"
EndProject
Global
	GlobalSection(SolutionConfigurationPlatforms) = preSolution
		Debug|Win32 = Debug|Win32
		Release|Win32 = Release|Win32
	EndGlobalSection
	GlobalSection(ProjectConfigurationPlatforms) = postSolution
		{667AFB6A-CCFF-48A1-B1AD-E8A11AA4F604}.Debug|Win32.ActiveCfg = Debug|Win32
		{667AFB6A-CCFF-48A1-B1AD-E8A11AA4F604}.Debug|Win32.Build.0 = Debug|Win32
		{667AFB6A-CCFF-48A1-B1AD-E8A11AA4F604}.Release|Win32.ActiveCfg = Release|Win32
		{667AFB6A-CCFF-48A1-B1AD-E8A11AA4F604}.Release|Win32.Build.0 = Release|Win32
	EndGlobalSection
	GlobalSection(SolutionProperties) = preSolution
		HideSolutionNode = FALSE
	EndGlobalSection
EndGlobal
